// !$*UTF8*$!
{
	archiveVersion = 1;
	classes = {
	};
	objectVersion = 46;
	objects = {

/* Begin PBXBuildFile section */
		288AFF320F563D130085E73F /* Endor.m in Sources */ = {isa = PBXBuildFile; fileRef = 288AFF310F563D130085E73F /* Endor.m */; };
		288AFF370F563DBA0085E73F /* CoreData.framework in Frameworks */ = {isa = PBXBuildFile; fileRef = 288AFF360F563DBA0085E73F /* CoreData.framework */; };
		8DD76F9C0486AA7600D96B5E /* Foundation.framework in Frameworks */ = {isa = PBXBuildFile; fileRef = 08FB779EFE84155DC02AAC07 /* Foundation.framework */; };
		960F0761148ECC6F003ED2A6 /* _Polyline.m in Sources */ = {isa = PBXBuildFile; fileRef = 960F075E148ECC6F003ED2A6 /* _Polyline.m */; };
		960F0762148ECC6F003ED2A6 /* Polyline.m in Sources */ = {isa = PBXBuildFile; fileRef = 960F0760148ECC6F003ED2A6 /* Polyline.m */; };
		961D609415FFBB45006650B5 /* YAJL.framework in Frameworks */ = {isa = PBXBuildFile; fileRef = 961D609315FFBB45006650B5 /* YAJL.framework */; };
		961D609615FFBED2006650B5 /* YAJL.framework in CopyFiles */ = {isa = PBXBuildFile; fileRef = 961D609315FFBB45006650B5 /* YAJL.framework */; };
		9630AB3416FA6FFD00E493CB /* _GTFSCalendar.m in Sources */ = {isa = PBXBuildFile; fileRef = 9630AB2D16FA6FFD00E493CB /* _GTFSCalendar.m */; };
		9630AB3516FA6FFD00E493CB /* _GTFSCalendarDate.m in Sources */ = {isa = PBXBuildFile; fileRef = 9630AB2F16FA6FFD00E493CB /* _GTFSCalendarDate.m */; };
		9630AB3616FA6FFD00E493CB /* GTFSCalendar.m in Sources */ = {isa = PBXBuildFile; fileRef = 9630AB3116FA6FFD00E493CB /* GTFSCalendar.m */; };
		9630AB3716FA6FFD00E493CB /* GTFSCalendarDate.m in Sources */ = {isa = PBXBuildFile; fileRef = 9630AB3316FA6FFD00E493CB /* GTFSCalendarDate.m */; };
		966E4D7E13523594005AE1BF /* _StopAlias.m in Sources */ = {isa = PBXBuildFile; fileRef = 966E4D7B13523594005AE1BF /* _StopAlias.m */; };
		966E4D7F13523594005AE1BF /* StopAlias.m in Sources */ = {isa = PBXBuildFile; fileRef = 966E4D7D13523594005AE1BF /* StopAlias.m */; };
		9677B14212F0F1410016A460 /* _ClosePoi.m in Sources */ = {isa = PBXBuildFile; fileRef = 9677B13B12F0F1410016A460 /* _ClosePoi.m */; };
		9677B14312F0F1410016A460 /* _Poi.m in Sources */ = {isa = PBXBuildFile; fileRef = 9677B13D12F0F1410016A460 /* _Poi.m */; };
		9677B14412F0F1410016A460 /* ClosePoi.m in Sources */ = {isa = PBXBuildFile; fileRef = 9677B13F12F0F1410016A460 /* ClosePoi.m */; };
		9677B14512F0F1410016A460 /* Poi.m in Sources */ = {isa = PBXBuildFile; fileRef = 9677B14112F0F1410016A460 /* Poi.m */; };
		96CB921212ECBA8200EFB75C /* Transit.xcdatamodel in Sources */ = {isa = PBXBuildFile; fileRef = 96CB921112ECBA8200EFB75C /* Transit.xcdatamodel */; };
		96CB922A12ECBAD600EFB75C /* _City.m in Sources */ = {isa = PBXBuildFile; fileRef = 96CB921712ECBAD600EFB75C /* _City.m */; };
		96CB922B12ECBAD600EFB75C /* _Direction.m in Sources */ = {isa = PBXBuildFile; fileRef = 96CB921912ECBAD600EFB75C /* _Direction.m */; };
		96CB922C12ECBAD600EFB75C /* _Line.m in Sources */ = {isa = PBXBuildFile; fileRef = 96CB921B12ECBAD600EFB75C /* _Line.m */; };
		96CB922D12ECBAD600EFB75C /* _Stop.m in Sources */ = {isa = PBXBuildFile; fileRef = 96CB921D12ECBAD600EFB75C /* _Stop.m */; };
		96CB922E12ECBAD600EFB75C /* _StopTime.m in Sources */ = {isa = PBXBuildFile; fileRef = 96CB921F12ECBAD600EFB75C /* _StopTime.m */; };
		96CB922F12ECBAD600EFB75C /* City.m in Sources */ = {isa = PBXBuildFile; fileRef = 96CB922112ECBAD600EFB75C /* City.m */; };
		96CB923012ECBAD600EFB75C /* Direction.m in Sources */ = {isa = PBXBuildFile; fileRef = 96CB922312ECBAD600EFB75C /* Direction.m */; };
		96CB923112ECBAD600EFB75C /* Line.m in Sources */ = {isa = PBXBuildFile; fileRef = 96CB922512ECBAD600EFB75C /* Line.m */; };
		96CB923212ECBAD600EFB75C /* Stop.m in Sources */ = {isa = PBXBuildFile; fileRef = 96CB922712ECBAD600EFB75C /* Stop.m */; };
		96CB923312ECBAD600EFB75C /* StopTime.m in Sources */ = {isa = PBXBuildFile; fileRef = 96CB922912ECBAD600EFB75C /* StopTime.m */; };
		96CB926D12ECC3A100EFB75C /* Generator.m in Sources */ = {isa = PBXBuildFile; fileRef = 96CB926C12ECC3A100EFB75C /* Generator.m */; };
		96CB94B012EE465500EFB75C /* libsqlite3.dylib in Frameworks */ = {isa = PBXBuildFile; fileRef = 96CB94AF12EE465500EFB75C /* libsqlite3.dylib */; };
/* End PBXBuildFile section */

/* Begin PBXCopyFilesBuildPhase section */
		8DD76F9E0486AA7600D96B5E /* CopyFiles */ = {
			isa = PBXCopyFilesBuildPhase;
			buildActionMask = 8;
			dstPath = /usr/share/man/man1/;
			dstSubfolderSpec = 0;
			files = (
			);
			runOnlyForDeploymentPostprocessing = 1;
		};
		961D609515FFBEC1006650B5 /* CopyFiles */ = {
			isa = PBXCopyFilesBuildPhase;
			buildActionMask = 2147483647;
			dstPath = "";
			dstSubfolderSpec = 10;
			files = (
				961D609615FFBED2006650B5 /* YAJL.framework in CopyFiles */,
			);
			runOnlyForDeploymentPostprocessing = 0;
		};
/* End PBXCopyFilesBuildPhase section */

/* Begin PBXFileReference section */
		08FB779EFE84155DC02AAC07 /* Foundation.framework */ = {isa = PBXFileReference; lastKnownFileType = wrapper.framework; name = Foundation.framework; path = /System/Library/Frameworks/Foundation.framework; sourceTree = "<absolute>"; };
		288AFF310F563D130085E73F /* Endor.m */ = {isa = PBXFileReference; fileEncoding = 4; lastKnownFileType = sourcecode.c.objc; path = Endor.m; sourceTree = "<group>"; };
		288AFF330F563D1C0085E73F /* Endor.1 */ = {isa = PBXFileReference; fileEncoding = 4; lastKnownFileType = text.man; path = Endor.1; sourceTree = "<group>"; };
		288AFF340F563D390085E73F /* Endor_Prefix.pch */ = {isa = PBXFileReference; fileEncoding = 4; lastKnownFileType = sourcecode.c.h; path = Endor_Prefix.pch; sourceTree = "<group>"; };
		288AFF360F563DBA0085E73F /* CoreData.framework */ = {isa = PBXFileReference; lastKnownFileType = wrapper.framework; name = CoreData.framework; path = System/Library/Frameworks/CoreData.framework; sourceTree = SDKROOT; };
		8DD76FA10486AA7600D96B5E /* Endor */ = {isa = PBXFileReference; explicitFileType = "compiled.mach-o.executable"; includeInIndex = 0; path = Endor; sourceTree = BUILT_PRODUCTS_DIR; };
		960F075D148ECC6F003ED2A6 /* _Polyline.h */ = {isa = PBXFileReference; fileEncoding = 4; lastKnownFileType = sourcecode.c.h; path = _Polyline.h; sourceTree = "<group>"; };
		960F075E148ECC6F003ED2A6 /* _Polyline.m */ = {isa = PBXFileReference; fileEncoding = 4; lastKnownFileType = sourcecode.c.objc; path = _Polyline.m; sourceTree = "<group>"; };
		960F075F148ECC6F003ED2A6 /* Polyline.h */ = {isa = PBXFileReference; fileEncoding = 4; lastKnownFileType = sourcecode.c.h; path = Polyline.h; sourceTree = "<group>"; };
		960F0760148ECC6F003ED2A6 /* Polyline.m */ = {isa = PBXFileReference; fileEncoding = 4; lastKnownFileType = sourcecode.c.objc; path = Polyline.m; sourceTree = "<group>"; };
		961D609315FFBB45006650B5 /* YAJL.framework */ = {isa = PBXFileReference; lastKnownFileType = wrapper.framework; path = YAJL.framework; sourceTree = "<group>"; };
		9630AB2C16FA6FFD00E493CB /* _GTFSCalendar.h */ = {isa = PBXFileReference; fileEncoding = 4; lastKnownFileType = sourcecode.c.h; path = _GTFSCalendar.h; sourceTree = "<group>"; };
		9630AB2D16FA6FFD00E493CB /* _GTFSCalendar.m */ = {isa = PBXFileReference; fileEncoding = 4; lastKnownFileType = sourcecode.c.objc; path = _GTFSCalendar.m; sourceTree = "<group>"; };
		9630AB2E16FA6FFD00E493CB /* _GTFSCalendarDate.h */ = {isa = PBXFileReference; fileEncoding = 4; lastKnownFileType = sourcecode.c.h; path = _GTFSCalendarDate.h; sourceTree = "<group>"; };
		9630AB2F16FA6FFD00E493CB /* _GTFSCalendarDate.m */ = {isa = PBXFileReference; fileEncoding = 4; lastKnownFileType = sourcecode.c.objc; path = _GTFSCalendarDate.m; sourceTree = "<group>"; };
		9630AB3016FA6FFD00E493CB /* GTFSCalendar.h */ = {isa = PBXFileReference; fileEncoding = 4; lastKnownFileType = sourcecode.c.h; path = GTFSCalendar.h; sourceTree = "<group>"; };
		9630AB3116FA6FFD00E493CB /* GTFSCalendar.m */ = {isa = PBXFileReference; fileEncoding = 4; lastKnownFileType = sourcecode.c.objc; path = GTFSCalendar.m; sourceTree = "<group>"; };
		9630AB3216FA6FFD00E493CB /* GTFSCalendarDate.h */ = {isa = PBXFileReference; fileEncoding = 4; lastKnownFileType = sourcecode.c.h; path = GTFSCalendarDate.h; sourceTree = "<group>"; };
		9630AB3316FA6FFD00E493CB /* GTFSCalendarDate.m */ = {isa = PBXFileReference; fileEncoding = 4; lastKnownFileType = sourcecode.c.objc; path = GTFSCalendarDate.m; sourceTree = "<group>"; };
		966E4D7A13523594005AE1BF /* _StopAlias.h */ = {isa = PBXFileReference; fileEncoding = 4; lastKnownFileType = sourcecode.c.h; path = _StopAlias.h; sourceTree = "<group>"; };
		966E4D7B13523594005AE1BF /* _StopAlias.m */ = {isa = PBXFileReference; fileEncoding = 4; lastKnownFileType = sourcecode.c.objc; path = _StopAlias.m; sourceTree = "<group>"; };
		966E4D7C13523594005AE1BF /* StopAlias.h */ = {isa = PBXFileReference; fileEncoding = 4; lastKnownFileType = sourcecode.c.h; path = StopAlias.h; sourceTree = "<group>"; };
		966E4D7D13523594005AE1BF /* StopAlias.m */ = {isa = PBXFileReference; fileEncoding = 4; lastKnownFileType = sourcecode.c.objc; path = StopAlias.m; sourceTree = "<group>"; };
		9677B13A12F0F1410016A460 /* _ClosePoi.h */ = {isa = PBXFileReference; fileEncoding = 4; lastKnownFileType = sourcecode.c.h; path = _ClosePoi.h; sourceTree = "<group>"; };
		9677B13B12F0F1410016A460 /* _ClosePoi.m */ = {isa = PBXFileReference; fileEncoding = 4; lastKnownFileType = sourcecode.c.objc; path = _ClosePoi.m; sourceTree = "<group>"; };
		9677B13C12F0F1410016A460 /* _Poi.h */ = {isa = PBXFileReference; fileEncoding = 4; lastKnownFileType = sourcecode.c.h; path = _Poi.h; sourceTree = "<group>"; };
		9677B13D12F0F1410016A460 /* _Poi.m */ = {isa = PBXFileReference; fileEncoding = 4; lastKnownFileType = sourcecode.c.objc; path = _Poi.m; sourceTree = "<group>"; };
		9677B13E12F0F1410016A460 /* ClosePoi.h */ = {isa = PBXFileReference; fileEncoding = 4; lastKnownFileType = sourcecode.c.h; path = ClosePoi.h; sourceTree = "<group>"; };
		9677B13F12F0F1410016A460 /* ClosePoi.m */ = {isa = PBXFileReference; fileEncoding = 4; lastKnownFileType = sourcecode.c.objc; path = ClosePoi.m; sourceTree = "<group>"; };
		9677B14012F0F1410016A460 /* Poi.h */ = {isa = PBXFileReference; fileEncoding = 4; lastKnownFileType = sourcecode.c.h; path = Poi.h; sourceTree = "<group>"; };
		9677B14112F0F1410016A460 /* Poi.m */ = {isa = PBXFileReference; fileEncoding = 4; lastKnownFileType = sourcecode.c.objc; path = Poi.m; sourceTree = "<group>"; };
		96CB921112ECBA8200EFB75C /* Transit.xcdatamodel */ = {isa = PBXFileReference; fileEncoding = 4; lastKnownFileType = wrapper.xcdatamodel; path = Transit.xcdatamodel; sourceTree = "<group>"; };
		96CB921612ECBAD600EFB75C /* _City.h */ = {isa = PBXFileReference; fileEncoding = 4; lastKnownFileType = sourcecode.c.h; path = _City.h; sourceTree = "<group>"; };
		96CB921712ECBAD600EFB75C /* _City.m */ = {isa = PBXFileReference; fileEncoding = 4; lastKnownFileType = sourcecode.c.objc; path = _City.m; sourceTree = "<group>"; };
		96CB921812ECBAD600EFB75C /* _Direction.h */ = {isa = PBXFileReference; fileEncoding = 4; lastKnownFileType = sourcecode.c.h; path = _Direction.h; sourceTree = "<group>"; };
		96CB921912ECBAD600EFB75C /* _Direction.m */ = {isa = PBXFileReference; fileEncoding = 4; lastKnownFileType = sourcecode.c.objc; path = _Direction.m; sourceTree = "<group>"; };
		96CB921A12ECBAD600EFB75C /* _Line.h */ = {isa = PBXFileReference; fileEncoding = 4; lastKnownFileType = sourcecode.c.h; path = _Line.h; sourceTree = "<group>"; };
		96CB921B12ECBAD600EFB75C /* _Line.m */ = {isa = PBXFileReference; fileEncoding = 4; lastKnownFileType = sourcecode.c.objc; path = _Line.m; sourceTree = "<group>"; };
		96CB921C12ECBAD600EFB75C /* _Stop.h */ = {isa = PBXFileReference; fileEncoding = 4; lastKnownFileType = sourcecode.c.h; path = _Stop.h; sourceTree = "<group>"; };
		96CB921D12ECBAD600EFB75C /* _Stop.m */ = {isa = PBXFileReference; fileEncoding = 4; lastKnownFileType = sourcecode.c.objc; path = _Stop.m; sourceTree = "<group>"; };
		96CB921E12ECBAD600EFB75C /* _StopTime.h */ = {isa = PBXFileReference; fileEncoding = 4; lastKnownFileType = sourcecode.c.h; path = _StopTime.h; sourceTree = "<group>"; };
		96CB921F12ECBAD600EFB75C /* _StopTime.m */ = {isa = PBXFileReference; fileEncoding = 4; lastKnownFileType = sourcecode.c.objc; path = _StopTime.m; sourceTree = "<group>"; };
		96CB922012ECBAD600EFB75C /* City.h */ = {isa = PBXFileReference; fileEncoding = 4; lastKnownFileType = sourcecode.c.h; path = City.h; sourceTree = "<group>"; };
		96CB922112ECBAD600EFB75C /* City.m */ = {isa = PBXFileReference; fileEncoding = 4; lastKnownFileType = sourcecode.c.objc; path = City.m; sourceTree = "<group>"; };
		96CB922212ECBAD600EFB75C /* Direction.h */ = {isa = PBXFileReference; fileEncoding = 4; lastKnownFileType = sourcecode.c.h; path = Direction.h; sourceTree = "<group>"; };
		96CB922312ECBAD600EFB75C /* Direction.m */ = {isa = PBXFileReference; fileEncoding = 4; lastKnownFileType = sourcecode.c.objc; path = Direction.m; sourceTree = "<group>"; };
		96CB922412ECBAD600EFB75C /* Line.h */ = {isa = PBXFileReference; fileEncoding = 4; lastKnownFileType = sourcecode.c.h; path = Line.h; sourceTree = "<group>"; };
		96CB922512ECBAD600EFB75C /* Line.m */ = {isa = PBXFileReference; fileEncoding = 4; lastKnownFileType = sourcecode.c.objc; path = Line.m; sourceTree = "<group>"; };
		96CB922612ECBAD600EFB75C /* Stop.h */ = {isa = PBXFileReference; fileEncoding = 4; lastKnownFileType = sourcecode.c.h; path = Stop.h; sourceTree = "<group>"; };
		96CB922712ECBAD600EFB75C /* Stop.m */ = {isa = PBXFileReference; fileEncoding = 4; lastKnownFileType = sourcecode.c.objc; path = Stop.m; sourceTree = "<group>"; };
		96CB922812ECBAD600EFB75C /* StopTime.h */ = {isa = PBXFileReference; fileEncoding = 4; lastKnownFileType = sourcecode.c.h; path = StopTime.h; sourceTree = "<group>"; };
		96CB922912ECBAD600EFB75C /* StopTime.m */ = {isa = PBXFileReference; fileEncoding = 4; lastKnownFileType = sourcecode.c.objc; path = StopTime.m; sourceTree = "<group>"; };
		96CB926B12ECC3A100EFB75C /* Generator.h */ = {isa = PBXFileReference; fileEncoding = 4; lastKnownFileType = sourcecode.c.h; path = Generator.h; sourceTree = "<group>"; };
		96CB926C12ECC3A100EFB75C /* Generator.m */ = {isa = PBXFileReference; fileEncoding = 4; lastKnownFileType = sourcecode.c.objc; path = Generator.m; sourceTree = "<group>"; };
		96CB94AF12EE465500EFB75C /* libsqlite3.dylib */ = {isa = PBXFileReference; lastKnownFileType = "compiled.mach-o.dylib"; name = libsqlite3.dylib; path = usr/lib/libsqlite3.dylib; sourceTree = SDKROOT; };
/* End PBXFileReference section */

/* Begin PBXFrameworksBuildPhase section */
		8DD76F9B0486AA7600D96B5E /* Frameworks */ = {
			isa = PBXFrameworksBuildPhase;
			buildActionMask = 2147483647;
			files = (
				8DD76F9C0486AA7600D96B5E /* Foundation.framework in Frameworks */,
				288AFF370F563DBA0085E73F /* CoreData.framework in Frameworks */,
				96CB94B012EE465500EFB75C /* libsqlite3.dylib in Frameworks */,
				961D609415FFBB45006650B5 /* YAJL.framework in Frameworks */,
			);
			runOnlyForDeploymentPostprocessing = 0;
		};
/* End PBXFrameworksBuildPhase section */

/* Begin PBXGroup section */
		08FB7794FE84155DC02AAC07 /* «PROJECTNAME» */ = {
			isa = PBXGroup;
			children = (
				08FB7795FE84155DC02AAC07 /* Source */,
				28D1EE350F56433F0089643D /* Model */,
				C6859EA2029092E104C91782 /* Documentation */,
				08FB779DFE84155DC02AAC07 /* External Frameworks and Libraries */,
				1AB674ADFE9D54B511CA2CBB /* Products */,
			);
			name = "«PROJECTNAME»";
			sourceTree = "<group>";
		};
		08FB7795FE84155DC02AAC07 /* Source */ = {
			isa = PBXGroup;
			children = (
				96CB921512ECBAB900EFB75C /* ManagedObjects */,
				288AFF340F563D390085E73F /* Endor_Prefix.pch */,
				288AFF310F563D130085E73F /* Endor.m */,
				96CB926B12ECC3A100EFB75C /* Generator.h */,
				96CB926C12ECC3A100EFB75C /* Generator.m */,
			);
			name = Source;
			sourceTree = "<group>";
		};
		08FB779DFE84155DC02AAC07 /* External Frameworks and Libraries */ = {
			isa = PBXGroup;
			children = (
				961D609315FFBB45006650B5 /* YAJL.framework */,
				288AFF360F563DBA0085E73F /* CoreData.framework */,
				08FB779EFE84155DC02AAC07 /* Foundation.framework */,
				96CB94AF12EE465500EFB75C /* libsqlite3.dylib */,
			);
			name = "External Frameworks and Libraries";
			sourceTree = "<group>";
		};
		1AB674ADFE9D54B511CA2CBB /* Products */ = {
			isa = PBXGroup;
			children = (
				8DD76FA10486AA7600D96B5E /* Endor */,
			);
			name = Products;
			sourceTree = "<group>";
		};
		28D1EE350F56433F0089643D /* Model */ = {
			isa = PBXGroup;
			children = (
				96CB921112ECBA8200EFB75C /* Transit.xcdatamodel */,
			);
			name = Model;
			sourceTree = "<group>";
		};
		96CB921512ECBAB900EFB75C /* ManagedObjects */ = {
			isa = PBXGroup;
			children = (
				9630AB2C16FA6FFD00E493CB /* _GTFSCalendar.h */,
				9630AB2D16FA6FFD00E493CB /* _GTFSCalendar.m */,
				9630AB2E16FA6FFD00E493CB /* _GTFSCalendarDate.h */,
				9630AB2F16FA6FFD00E493CB /* _GTFSCalendarDate.m */,
				9630AB3016FA6FFD00E493CB /* GTFSCalendar.h */,
				9630AB3116FA6FFD00E493CB /* GTFSCalendar.m */,
				9630AB3216FA6FFD00E493CB /* GTFSCalendarDate.h */,
				9630AB3316FA6FFD00E493CB /* GTFSCalendarDate.m */,
				960F075D148ECC6F003ED2A6 /* _Polyline.h */,
				960F075E148ECC6F003ED2A6 /* _Polyline.m */,
				960F075F148ECC6F003ED2A6 /* Polyline.h */,
				960F0760148ECC6F003ED2A6 /* Polyline.m */,
				966E4D7A13523594005AE1BF /* _StopAlias.h */,
				966E4D7B13523594005AE1BF /* _StopAlias.m */,
				966E4D7C13523594005AE1BF /* StopAlias.h */,
				966E4D7D13523594005AE1BF /* StopAlias.m */,
				9677B13A12F0F1410016A460 /* _ClosePoi.h */,
				9677B13B12F0F1410016A460 /* _ClosePoi.m */,
				9677B13C12F0F1410016A460 /* _Poi.h */,
				9677B13D12F0F1410016A460 /* _Poi.m */,
				9677B13E12F0F1410016A460 /* ClosePoi.h */,
				9677B13F12F0F1410016A460 /* ClosePoi.m */,
				9677B14012F0F1410016A460 /* Poi.h */,
				9677B14112F0F1410016A460 /* Poi.m */,
				96CB921612ECBAD600EFB75C /* _City.h */,
				96CB921712ECBAD600EFB75C /* _City.m */,
				96CB921812ECBAD600EFB75C /* _Direction.h */,
				96CB921912ECBAD600EFB75C /* _Direction.m */,
				96CB921A12ECBAD600EFB75C /* _Line.h */,
				96CB921B12ECBAD600EFB75C /* _Line.m */,
				96CB921C12ECBAD600EFB75C /* _Stop.h */,
				96CB921D12ECBAD600EFB75C /* _Stop.m */,
				96CB921E12ECBAD600EFB75C /* _StopTime.h */,
				96CB921F12ECBAD600EFB75C /* _StopTime.m */,
				96CB922012ECBAD600EFB75C /* City.h */,
				96CB922112ECBAD600EFB75C /* City.m */,
				96CB922212ECBAD600EFB75C /* Direction.h */,
				96CB922312ECBAD600EFB75C /* Direction.m */,
				96CB922412ECBAD600EFB75C /* Line.h */,
				96CB922512ECBAD600EFB75C /* Line.m */,
				96CB922612ECBAD600EFB75C /* Stop.h */,
				96CB922712ECBAD600EFB75C /* Stop.m */,
				96CB922812ECBAD600EFB75C /* StopTime.h */,
				96CB922912ECBAD600EFB75C /* StopTime.m */,
			);
			name = ManagedObjects;
			sourceTree = "<group>";
		};
		C6859EA2029092E104C91782 /* Documentation */ = {
			isa = PBXGroup;
			children = (
				288AFF330F563D1C0085E73F /* Endor.1 */,
			);
			name = Documentation;
			sourceTree = "<group>";
		};
/* End PBXGroup section */

/* Begin PBXNativeTarget section */
		8DD76F960486AA7600D96B5E /* Endor */ = {
			isa = PBXNativeTarget;
			buildConfigurationList = 1DEB927408733DD40010E9CD /* Build configuration list for PBXNativeTarget "Endor" */;
			buildPhases = (
				961D609515FFBEC1006650B5 /* CopyFiles */,
				8DD76F990486AA7600D96B5E /* Sources */,
				8DD76F9B0486AA7600D96B5E /* Frameworks */,
				8DD76F9E0486AA7600D96B5E /* CopyFiles */,
			);
			buildRules = (
			);
			dependencies = (
			);
			name = Endor;
			productInstallPath = "$(HOME)/bin";
			productName = "«PROJECTNAME»";
			productReference = 8DD76FA10486AA7600D96B5E /* Endor */;
			productType = "com.apple.product-type.tool";
		};
/* End PBXNativeTarget section */

/* Begin PBXProject section */
		08FB7793FE84155DC02AAC07 /* Project object */ = {
			isa = PBXProject;
			attributes = {
				LastUpgradeCheck = 0410;
				ORGANIZATIONNAME = dthg.net;
			};
			buildConfigurationList = 1DEB927808733DD40010E9CD /* Build configuration list for PBXProject "Endor" */;
			compatibilityVersion = "Xcode 3.2";
			developmentRegion = English;
			hasScannedForEncodings = 1;
			knownRegions = (
				English,
				Japanese,
				French,
				German,
			);
			mainGroup = 08FB7794FE84155DC02AAC07 /* «PROJECTNAME» */;
			projectDirPath = "";
			projectRoot = "";
			targets = (
				8DD76F960486AA7600D96B5E /* Endor */,
			);
		};
/* End PBXProject section */

/* Begin PBXSourcesBuildPhase section */
		8DD76F990486AA7600D96B5E /* Sources */ = {
			isa = PBXSourcesBuildPhase;
			buildActionMask = 2147483647;
			files = (
				288AFF320F563D130085E73F /* Endor.m in Sources */,
				96CB921212ECBA8200EFB75C /* Transit.xcdatamodel in Sources */,
				96CB922A12ECBAD600EFB75C /* _City.m in Sources */,
				96CB922B12ECBAD600EFB75C /* _Direction.m in Sources */,
				96CB922C12ECBAD600EFB75C /* _Line.m in Sources */,
				96CB922D12ECBAD600EFB75C /* _Stop.m in Sources */,
				96CB922E12ECBAD600EFB75C /* _StopTime.m in Sources */,
				96CB922F12ECBAD600EFB75C /* City.m in Sources */,
				96CB923012ECBAD600EFB75C /* Direction.m in Sources */,
				96CB923112ECBAD600EFB75C /* Line.m in Sources */,
				96CB923212ECBAD600EFB75C /* Stop.m in Sources */,
				96CB923312ECBAD600EFB75C /* StopTime.m in Sources */,
				96CB926D12ECC3A100EFB75C /* Generator.m in Sources */,
				9677B14212F0F1410016A460 /* _ClosePoi.m in Sources */,
				9677B14312F0F1410016A460 /* _Poi.m in Sources */,
				9677B14412F0F1410016A460 /* ClosePoi.m in Sources */,
				9677B14512F0F1410016A460 /* Poi.m in Sources */,
				966E4D7E13523594005AE1BF /* _StopAlias.m in Sources */,
				966E4D7F13523594005AE1BF /* StopAlias.m in Sources */,
				960F0761148ECC6F003ED2A6 /* _Polyline.m in Sources */,
				960F0762148ECC6F003ED2A6 /* Polyline.m in Sources */,
				9630AB3416FA6FFD00E493CB /* _GTFSCalendar.m in Sources */,
				9630AB3516FA6FFD00E493CB /* _GTFSCalendarDate.m in Sources */,
				9630AB3616FA6FFD00E493CB /* GTFSCalendar.m in Sources */,
				9630AB3716FA6FFD00E493CB /* GTFSCalendarDate.m in Sources */,
			);
			runOnlyForDeploymentPostprocessing = 0;
		};
/* End PBXSourcesBuildPhase section */

/* Begin XCBuildConfiguration section */
		1DEB927508733DD40010E9CD /* Debug */ = {
			isa = XCBuildConfiguration;
			buildSettings = {
				ALWAYS_SEARCH_USER_PATHS = NO;
				ARCHS = "$(ARCHS_STANDARD_64_BIT)";
				CLANG_ENABLE_OBJC_ARC = YES;
				COPY_PHASE_STRIP = NO;
				FRAMEWORK_SEARCH_PATHS = (
					"$(inherited)",
					"\"$(SRCROOT)\"",
				);
				GCC_DYNAMIC_NO_PIC = NO;
				GCC_MODEL_TUNING = G5;
				GCC_OPTIMIZATION_LEVEL = 0;
				GCC_PRECOMPILE_PREFIX_HEADER = YES;
				GCC_PREFIX_HEADER = Endor_Prefix.pch;
				INSTALL_PATH = /usr/local/bin;
				LD_RUNPATH_SEARCH_PATHS = "@loader_path/../Frameworks";
				PRODUCT_NAME = Endor;
			};
			name = Debug;
		};
		1DEB927608733DD40010E9CD /* Release */ = {
			isa = XCBuildConfiguration;
			buildSettings = {
				ALWAYS_SEARCH_USER_PATHS = NO;
				ARCHS = "$(ARCHS_STANDARD_64_BIT)";
				CLANG_ENABLE_OBJC_ARC = YES;
				DEBUG_INFORMATION_FORMAT = "dwarf-with-dsym";
				FRAMEWORK_SEARCH_PATHS = (
					"$(inherited)",
					"\"$(SRCROOT)\"",
				);
				GCC_MODEL_TUNING = G5;
				GCC_PRECOMPILE_PREFIX_HEADER = YES;
				GCC_PREFIX_HEADER = Endor_Prefix.pch;
				INSTALL_PATH = /usr/local/bin;
				LD_RUNPATH_SEARCH_PATHS = "@loader_path/../Frameworks";
				PRODUCT_NAME = Endor;
			};
			name = Release;
		};
		1DEB927908733DD40010E9CD /* Debug */ = {
			isa = XCBuildConfiguration;
			buildSettings = {
				ARCHS = "$(ARCHS_STANDARD_32_64_BIT)";
				GCC_C_LANGUAGE_STANDARD = c99;
				GCC_WARN_ABOUT_RETURN_TYPE = YES;
				GCC_WARN_UNUSED_VARIABLE = YES;
				ONLY_ACTIVE_ARCH = YES;
				SDKROOT = macosx;
			};
			name = Debug;
		};
		1DEB927A08733DD40010E9CD /* Release */ = {
			isa = XCBuildConfiguration;
			buildSettings = {
				ARCHS = "$(ARCHS_STANDARD_32_64_BIT)";
				GCC_C_LANGUAGE_STANDARD = c99;
				GCC_WARN_ABOUT_RETURN_TYPE = YES;
				GCC_WARN_UNUSED_VARIABLE = YES;
				SDKROOT = macosx;
			};
			name = Release;
		};
/* End XCBuildConfiguration section */

/* Begin XCConfigurationList section */
		1DEB927408733DD40010E9CD /* Build configuration list for PBXNativeTarget "Endor" */ = {
			isa = XCConfigurationList;
			buildConfigurations = (
				1DEB927508733DD40010E9CD /* Debug */,
				1DEB927608733DD40010E9CD /* Release */,
			);
			defaultConfigurationIsVisible = 0;
			defaultConfigurationName = Release;
		};
		1DEB927808733DD40010E9CD /* Build configuration list for PBXProject "Endor" */ = {
			isa = XCConfigurationList;
			buildConfigurations = (
				1DEB927908733DD40010E9CD /* Debug */,
				1DEB927A08733DD40010E9CD /* Release */,
			);
			defaultConfigurationIsVisible = 0;
			defaultConfigurationName = Release;
		};
/* End XCConfigurationList section */
	};
	rootObject = 08FB7793FE84155DC02AAC07 /* Project object */;
}
